
Microsoft Visual Studio Solution File, Format Version 12.00
# Visual Studio Version 17
VisualStudioVersion = 17.14.36310.24
MinimumVisualStudioVersion = 10.0.40219.1
Project("{FAE04EC0-301F-11D3-BF4B-00C04F79EFBC}") = "lpm_case1", "lpm_case1\lpm_case1.csproj", "{4C5554ED-894F-4918-A057-BFDE4BA1623C}"
EndProject
Project("{FAE04EC0-301F-11D3-BF4B-00C04F79EFBC}") = "lpm_case1.Tests", "lpm_case1_tests\lpm_case1.Tests.csproj", "{0BF442CC-0828-4F5C-981F-1C0FE3DF1FDE}"
EndProject
Global
	GlobalSection(SolutionConfigurationPlatforms) = preSolution
		Debug|Any CPU = Debug|Any CPU
		Release|Any CPU = Release|Any CPU
	EndGlobalSection
	GlobalSection(ProjectConfigurationPlatforms) = postSolution
		{4C5554ED-894F-4918-A057-BFDE4BA1623C}.Debug|Any CPU.ActiveCfg = Debug|Any CPU
		{4C5554ED-894F-4918-A057-BFDE4BA1623C}.Debug|Any CPU.Build.0 = Debug|Any CPU
		{4C5554ED-894F-4918-A057-BFDE4BA1623C}.Release|Any CPU.ActiveCfg = Release|Any CPU
		{4C5554ED-894F-4918-A057-BFDE4BA1623C}.Release|Any CPU.Build.0 = Release|Any CPU
		{0BF442CC-0828-4F5C-981F-1C0FE3DF1FDE}.Debug|Any CPU.ActiveCfg = Debug|Any CPU
		{0BF442CC-0828-4F5C-981F-1C0FE3DF1FDE}.Debug|Any CPU.Build.0 = Debug|Any CPU
		{0BF442CC-0828-4F5C-981F-1C0FE3DF1FDE}.Release|Any CPU.ActiveCfg = Release|Any CPU
		{0BF442CC-0828-4F5C-981F-1C0FE3DF1FDE}.Release|Any CPU.Build.0 = Release|Any CPU
	EndGlobalSection
	GlobalSection(SolutionProperties) = preSolution
		HideSolutionNode = FALSE
	EndGlobalSection
	GlobalSection(ExtensibilityGlobals) = postSolution
		SolutionGuid = {720F6DE3-5B8C-43D9-BD7A-27A699A2025E}
	EndGlobalSection
EndGlobal
